// !$*UTF8*$!
{
	archiveVersion = 1;
	classes = {
	};
	objectVersion = 46;
	objects = {

/* Begin PBXBuildFile section */
		4991F1341B2349A500F2F3EB /* main.m in Sources */ = {isa = PBXBuildFile; fileRef = 4991F1331B2349A500F2F3EB /* main.m */; };
		4991F1371B2349A500F2F3EB /* AppDelegate.m in Sources */ = {isa = PBXBuildFile; fileRef = 4991F1361B2349A500F2F3EB /* AppDelegate.m */; };
		4991F13A1B2349A500F2F3EB /* ViewController.m in Sources */ = {isa = PBXBuildFile; fileRef = 4991F1391B2349A500F2F3EB /* ViewController.m */; };
		4991F13D1B2349A500F2F3EB /* Main.storyboard in Resources */ = {isa = PBXBuildFile; fileRef = 4991F13B1B2349A500F2F3EB /* Main.storyboard */; };
		4991F13F1B2349A500F2F3EB /* Images.xcassets in Resources */ = {isa = PBXBuildFile; fileRef = 4991F13E1B2349A500F2F3EB /* Images.xcassets */; };
		4991F1421B2349A500F2F3EB /* LaunchScreen.xib in Resources */ = {isa = PBXBuildFile; fileRef = 4991F1401B2349A500F2F3EB /* LaunchScreen.xib */; };
		4991F14E1B2349A500F2F3EB /* fishackathonTests.m in Sources */ = {isa = PBXBuildFile; fileRef = 4991F14D1B2349A500F2F3EB /* fishackathonTests.m */; };
/* End PBXBuildFile section */

/* Begin PBXContainerItemProxy section */
		4991F1481B2349A500F2F3EB /* PBXContainerItemProxy */ = {
			isa = PBXContainerItemProxy;
			containerPortal = 4991F1261B2349A500F2F3EB /* Project object */;
			proxyType = 1;
			remoteGlobalIDString = 4991F12D1B2349A500F2F3EB;
			remoteInfo = fishackathon;
		};
/* End PBXContainerItemProxy section */

/* Begin PBXFileReference section */
		4991F12E1B2349A500F2F3EB /* fishackathon.app */ = {isa = PBXFileReference; explicitFileType = wrapper.application; includeInIndex = 0; path = fishackathon.app; sourceTree = BUILT_PRODUCTS_DIR; };
		4991F1321B2349A500F2F3EB /* Info.plist */ = {isa = PBXFileReference; lastKnownFileType = text.plist.xml; path = Info.plist; sourceTree = "<group>"; };
		4991F1331B2349A500F2F3EB /* main.m */ = {isa = PBXFileReference; lastKnownFileType = sourcecode.c.objc; path = main.m; sourceTree = "<group>"; };
		4991F1351B2349A500F2F3EB /* AppDelegate.h */ = {isa = PBXFileReference; lastKnownFileType = sourcecode.c.h; path = AppDelegate.h; sourceTree = "<group>"; };
		4991F1361B2349A500F2F3EB /* AppDelegate.m */ = {isa = PBXFileReference; lastKnownFileType = sourcecode.c.objc; path = AppDelegate.m; sourceTree = "<group>"; };
		4991F1381B2349A500F2F3EB /* ViewController.h */ = {isa = PBXFileReference; lastKnownFileType = sourcecode.c.h; path = ViewController.h; sourceTree = "<group>"; };
		4991F1391B2349A500F2F3EB /* ViewController.m */ = {isa = PBXFileReference; lastKnownFileType = sourcecode.c.objc; path = ViewController.m; sourceTree = "<group>"; };
		4991F13C1B2349A500F2F3EB /* Base */ = {isa = PBXFileReference; lastKnownFileType = file.storyboard; name = Base; path = Base.lproj/Main.storyboard; sourceTree = "<group>"; };
		4991F13E1B2349A500F2F3EB /* Images.xcassets */ = {isa = PBXFileReference; lastKnownFileType = folder.assetcatalog; path = Images.xcassets; sourceTree = "<group>"; };
		4991F1411B2349A500F2F3EB /* Base */ = {isa = PBXFileReference; lastKnownFileType = file.xib; name = Base; path = Base.lproj/LaunchScreen.xib; sourceTree = "<group>"; };
		4991F1471B2349A500F2F3EB /* fishackathonTests.xctest */ = {isa = PBXFileReference; explicitFileType = wrapper.cfbundle; includeInIndex = 0; path = fishackathonTests.xctest; sourceTree = BUILT_PRODUCTS_DIR; };
		4991F14C1B2349A500F2F3EB /* Info.plist */ = {isa = PBXFileReference; lastKnownFileType = text.plist.xml; path = Info.plist; sourceTree = "<group>"; };
		4991F14D1B2349A500F2F3EB /* fishackathonTests.m */ = {isa = PBXFileReference; lastKnownFileType = sourcecode.c.objc; path = fishackathonTests.m; sourceTree = "<group>"; };
/* End PBXFileReference section */

/* Begin PBXFrameworksBuildPhase section */
		4991F12B1B2349A500F2F3EB /* Frameworks */ = {
			isa = PBXFrameworksBuildPhase;
			buildActionMask = 2147483647;
			files = (
			);
			runOnlyForDeploymentPostprocessing = 0;
		};
		4991F1441B2349A500F2F3EB /* Frameworks */ = {
			isa = PBXFrameworksBuildPhase;
			buildActionMask = 2147483647;
			files = (
			);
			runOnlyForDeploymentPostprocessing = 0;
		};
/* End PBXFrameworksBuildPhase section */

/* Begin PBXGroup section */
		4991F1251B2349A500F2F3EB = {
			isa = PBXGroup;
			children = (
				4991F1301B2349A500F2F3EB /* fishackathon */,
				4991F14A1B2349A500F2F3EB /* fishackathonTests */,
				4991F12F1B2349A500F2F3EB /* Products */,
			);
			sourceTree = "<group>";
		};
		4991F12F1B2349A500F2F3EB /* Products */ = {
			isa = PBXGroup;
			children = (
				4991F12E1B2349A500F2F3EB /* fishackathon.app */,
				4991F1471B2349A500F2F3EB /* fishackathonTests.xctest */,
			);
			name = Products;
			sourceTree = "<group>";
		};
		4991F1301B2349A500F2F3EB /* fishackathon */ = {
			isa = PBXGroup;
			children = (
				4991F1351B2349A500F2F3EB /* AppDelegate.h */,
				4991F1361B2349A500F2F3EB /* AppDelegate.m */,
				4991F1381B2349A500F2F3EB /* ViewController.h */,
				4991F1391B2349A500F2F3EB /* ViewController.m */,
				4991F13B1B2349A500F2F3EB /* Main.storyboard */,
				4991F13E1B2349A500F2F3EB /* Images.xcassets */,
				4991F1401B2349A500F2F3EB /* LaunchScreen.xib */,
				4991F1311B2349A500F2F3EB /* Supporting Files */,
			);
			path = fishackathon;
			sourceTree = "<group>";
		};
		4991F1311B2349A500F2F3EB /* Supporting Files */ = {
			isa = PBXGroup;
			children = (
				4991F1321B2349A500F2F3EB /* Info.plist */,
				4991F1331B2349A500F2F3EB /* main.m */,
			);
			name = "Supporting Files";
			sourceTree = "<group>";
		};
		4991F14A1B2349A500F2F3EB /* fishackathonTests */ = {
			isa = PBXGroup;
			children = (
				4991F14D1B2349A500F2F3EB /* fishackathonTests.m */,
				4991F14B1B2349A500F2F3EB /* Supporting Files */,
			);
			path = fishackathonTests;
			sourceTree = "<group>";
		};
		4991F14B1B2349A500F2F3EB /* Supporting Files */ = {
			isa = PBXGroup;
			children = (
				4991F14C1B2349A500F2F3EB /* Info.plist */,
			);
			name = "Supporting Files";
			sourceTree = "<group>";
		};
/* End PBXGroup section */

/* Begin PBXNativeTarget section */
		4991F12D1B2349A500F2F3EB /* fishackathon */ = {
			isa = PBXNativeTarget;
			buildConfigurationList = 4991F1511B2349A500F2F3EB /* Build configuration list for PBXNativeTarget "fishackathon" */;
			buildPhases = (
				4991F12A1B2349A500F2F3EB /* Sources */,
				4991F12B1B2349A500F2F3EB /* Frameworks */,
				4991F12C1B2349A500F2F3EB /* Resources */,
			);
			buildRules = (
			);
			dependencies = (
			);
			name = fishackathon;
			productName = fishackathon;
			productReference = 4991F12E1B2349A500F2F3EB /* fishackathon.app */;
			productType = "com.apple.product-type.application";
		};
		4991F1461B2349A500F2F3EB /* fishackathonTests */ = {
			isa = PBXNativeTarget;
			buildConfigurationList = 4991F1541B2349A500F2F3EB /* Build configuration list for PBXNativeTarget "fishackathonTests" */;
			buildPhases = (
				4991F1431B2349A500F2F3EB /* Sources */,
				4991F1441B2349A500F2F3EB /* Frameworks */,
				4991F1451B2349A500F2F3EB /* Resources */,
			);
			buildRules = (
			);
			dependencies = (
				4991F1491B2349A500F2F3EB /* PBXTargetDependency */,
			);
			name = fishackathonTests;
			productName = fishackathonTests;
			productReference = 4991F1471B2349A500F2F3EB /* fishackathonTests.xctest */;
			productType = "com.apple.product-type.bundle.unit-test";
		};
/* End PBXNativeTarget section */

/* Begin PBXProject section */
		4991F1261B2349A500F2F3EB /* Project object */ = {
			isa = PBXProject;
			attributes = {
				LastUpgradeCheck = 0630;
				ORGANIZATIONNAME = "Stephen Bussey";
				TargetAttributes = {
					4991F12D1B2349A500F2F3EB = {
						CreatedOnToolsVersion = 6.3.2;
					};
					4991F1461B2349A500F2F3EB = {
						CreatedOnToolsVersion = 6.3.2;
						TestTargetID = 4991F12D1B2349A500F2F3EB;
					};
				};
			};
			buildConfigurationList = 4991F1291B2349A500F2F3EB /* Build configuration list for PBXProject "fishackathon" */;
			compatibilityVersion = "Xcode 3.2";
			developmentRegion = English;
			hasScannedForEncodings = 0;
			knownRegions = (
				en,
				Base,
			);
			mainGroup = 4991F1251B2349A500F2F3EB;
			productRefGroup = 4991F12F1B2349A500F2F3EB /* Products */;
			projectDirPath = "";
			projectRoot = "";
			targets = (
				4991F12D1B2349A500F2F3EB /* fishackathon */,
				4991F1461B2349A500F2F3EB /* fishackathonTests */,
			);
		};
/* End PBXProject section */

/* Begin PBXResourcesBuildPhase section */
		4991F12C1B2349A500F2F3EB /* Resources */ = {
			isa = PBXResourcesBuildPhase;
			buildActionMask = 2147483647;
			files = (
				4991F13D1B2349A500F2F3EB /* Main.storyboard in Resources */,
				4991F1421B2349A500F2F3EB /* LaunchScreen.xib in Resources */,
				4991F13F1B2349A500F2F3EB /* Images.xcassets in Resources */,
			);
			runOnlyForDeploymentPostprocessing = 0;
		};
		4991F1451B2349A500F2F3EB /* Resources */ = {
			isa = PBXResourcesBuildPhase;
			buildActionMask = 2147483647;
			files = (
			);
			runOnlyForDeploymentPostprocessing = 0;
		};
/* End PBXResourcesBuildPhase section */

/* Begin PBXSourcesBuildPhase section */
		4991F12A1B2349A500F2F3EB /* Sources */ = {
			isa = PBXSourcesBuildPhase;
			buildActionMask = 2147483647;
			files = (
				4991F13A1B2349A500F2F3EB /* ViewController.m in Sources */,
				4991F1371B2349A500F2F3EB /* AppDelegate.m in Sources */,
				4991F1341B2349A500F2F3EB /* main.m in Sources */,
			);
			runOnlyForDeploymentPostprocessing = 0;
		};
		4991F1431B2349A500F2F3EB /* Sources */ = {
			isa = PBXSourcesBuildPhase;
			buildActionMask = 2147483647;
			files = (
				4991F14E1B2349A500F2F3EB /* fishackathonTests.m in Sources */,
			);
			runOnlyForDeploymentPostprocessing = 0;
		};
/* End PBXSourcesBuildPhase section */

/* Begin PBXTargetDependency section */
		4991F1491B2349A500F2F3EB /* PBXTargetDependency */ = {
			isa = PBXTargetDependency;
			target = 4991F12D1B2349A500F2F3EB /* fishackathon */;
			targetProxy = 4991F1481B2349A500F2F3EB /* PBXContainerItemProxy */;
		};
/* End PBXTargetDependency section */

/* Begin PBXVariantGroup section */
		4991F13B1B2349A500F2F3EB /* Main.storyboard */ = {
			isa = PBXVariantGroup;
			children = (
				4991F13C1B2349A500F2F3EB /* Base */,
			);
			name = Main.storyboard;
			sourceTree = "<group>";
		};
		4991F1401B2349A500F2F3EB /* LaunchScreen.xib */ = {
			isa = PBXVariantGroup;
			children = (
				4991F1411B2349A500F2F3EB /* Base */,
			);
			name = LaunchScreen.xib;
			sourceTree = "<group>";
		};
/* End PBXVariantGroup section */

/* Begin XCBuildConfiguration section */
		4991F14F1B2349A500F2F3EB /* Debug */ = {
			isa = XCBuildConfiguration;
			buildSettings = {
				ALWAYS_SEARCH_USER_PATHS = NO;
				CLANG_CXX_LANGUAGE_STANDARD = "gnu++0x";
				CLANG_CXX_LIBRARY = "libc++";
				CLANG_ENABLE_MODULES = YES;
				CLANG_ENABLE_OBJC_ARC = YES;
				CLANG_WARN_BOOL_CONVERSION = YES;
				CLANG_WARN_CONSTANT_CONVERSION = YES;
				CLANG_WARN_DIRECT_OBJC_ISA_USAGE = YES_ERROR;
				CLANG_WARN_EMPTY_BODY = YES;
				CLANG_WARN_ENUM_CONVERSION = YES;
				CLANG_WARN_INT_CONVERSION = YES;
				CLANG_WARN_OBJC_ROOT_CLASS = YES_ERROR;
				CLANG_WARN_UNREACHABLE_CODE = YES;
				CLANG_WARN__DUPLICATE_METHOD_MATCH = YES;
				"CODE_SIGN_IDENTITY[sdk=iphoneos*]" = "iPhone Developer";
				COPY_PHASE_STRIP = NO;
				DEBUG_INFORMATION_FORMAT = "dwarf-with-dsym";
				ENABLE_STRICT_OBJC_MSGSEND = YES;
				GCC_C_LANGUAGE_STANDARD = gnu99;
				GCC_DYNAMIC_NO_PIC = NO;
				GCC_NO_COMMON_BLOCKS = YES;
				GCC_OPTIMIZATION_LEVEL = 0;
				GCC_PREPROCESSOR_DEFINITIONS = (
					"DEBUG=1",
					"$(inherited)",
				);
				GCC_SYMBOLS_PRIVATE_EXTERN = NO;
				GCC_WARN_64_TO_32_BIT_CONVERSION = YES;
				GCC_WARN_ABOUT_RETURN_TYPE = YES_ERROR;
				GCC_WARN_UNDECLARED_SELECTOR = YES;
				GCC_WARN_UNINITIALIZED_AUTOS = YES_AGGRESSIVE;
				GCC_WARN_UNUSED_FUNCTION = YES;
				GCC_WARN_UNUSED_VARIABLE = YES;
				IPHONEOS_DEPLOYMENT_TARGET = 8.3;
				MTL_ENABLE_DEBUG_INFO = YES;
				ONLY_ACTIVE_ARCH = YES;
				SDKROOT = iphoneos;
				TARGETED_DEVICE_FAMILY = "1,2";
			};
			name = Debug;
		};
		4991F1501B2349A500F2F3EB /* Release */ = {
			isa = XCBuildConfiguration;
			buildSettings = {
				ALWAYS_SEARCH_USER_PATHS = NO;
				CLANG_CXX_LANGUAGE_STANDARD = "gnu++0x";
				CLANG_CXX_LIBRARY = "libc++";
				CLANG_ENABLE_MODULES = YES;
				CLANG_ENABLE_OBJC_ARC = YES;
				CLANG_WARN_BOOL_CONVERSION = YES;
				CLANG_WARN_CONSTANT_CONVERSION = YES;
				CLANG_WARN_DIRECT_OBJC_ISA_USAGE = YES_ERROR;
				CLANG_WARN_EMPTY_BODY = YES;
				CLANG_WARN_ENUM_CONVERSION = YES;
				CLANG_WARN_INT_CONVERSION = YES;
				CLANG_WARN_OBJC_ROOT_CLASS = YES_ERROR;
				CLANG_WARN_UNREACHABLE_CODE = YES;
				CLANG_WARN__DUPLICATE_METHOD_MATCH = YES;
				"CODE_SIGN_IDENTITY[sdk=iphoneos*]" = "iPhone Developer";
				COPY_PHASE_STRIP = NO;
				DEBUG_INFORMATION_FORMAT = "dwarf-with-dsym";
				ENABLE_NS_ASSERTIONS = NO;
				ENABLE_STRICT_OBJC_MSGSEND = YES;
				GCC_C_LANGUAGE_STANDARD = gnu99;
				GCC_NO_COMMON_BLOCKS = YES;
				GCC_WARN_64_TO_32_BIT_CONVERSION = YES;
				GCC_WARN_ABOUT_RETURN_TYPE = YES_ERROR;
				GCC_WARN_UNDECLARED_SELECTOR = YES;
				GCC_WARN_UNINITIALIZED_AUTOS = YES_AGGRESSIVE;
				GCC_WARN_UNUSED_FUNCTION = YES;
				GCC_WARN_UNUSED_VARIABLE = YES;
				IPHONEOS_DEPLOYMENT_TARGET = 8.3;
				MTL_ENABLE_DEBUG_INFO = NO;
				SDKROOT = iphoneos;
				TARGETED_DEVICE_FAMILY = "1,2";
				VALIDATE_PRODUCT = YES;
			};
			name = Release;
		};
		4991F1521B2349A500F2F3EB /* Debug */ = {
			isa = XCBuildConfiguration;
			buildSettings = {
				ASSETCATALOG_COMPILER_APPICON_NAME = AppIcon;
				INFOPLIST_FILE = fishackathon/Info.plist;
				LD_RUNPATH_SEARCH_PATHS = "$(inherited) @executable_path/Frameworks";
				PRODUCT_NAME = "$(TARGET_NAME)";
			};
			name = Debug;
		};
		4991F1531B2349A500F2F3EB /* Release */ = {
			isa = XCBuildConfiguration;
			buildSettings = {
				ASSETCATALOG_COMPILER_APPICON_NAME = AppIcon;
				INFOPLIST_FILE = fishackathon/Info.plist;
				LD_RUNPATH_SEARCH_PATHS = "$(inherited) @executable_path/Frameworks";
				PRODUCT_NAME = "$(TARGET_NAME)";
			};
			name = Release;
		};
		4991F1551B2349A500F2F3EB /* Debug */ = {
			isa = XCBuildConfiguration;
			buildSettings = {
				BUNDLE_LOADER = "$(TEST_HOST)";
				FRAMEWORK_SEARCH_PATHS = (
					"$(SDKROOT)/Developer/Library/Frameworks",
					"$(inherited)",
				);
				GCC_PREPROCESSOR_DEFINITIONS = (
					"DEBUG=1",
					"$(inherited)",
				);
				INFOPLIST_FILE = fishackathonTests/Info.plist;
				LD_RUNPATH_SEARCH_PATHS = "$(inherited) @executable_path/Frameworks @loader_path/Frameworks";
				PRODUCT_NAME = "$(TARGET_NAME)";
				TEST_HOST = "$(BUILT_PRODUCTS_DIR)/fishackathon.app/fishackathon";
			};
			name = Debug;
		};
		4991F1561B2349A500F2F3EB /* Release */ = {
			isa = XCBuildConfiguration;
			buildSettings = {
				BUNDLE_LOADER = "$(TEST_HOST)";
				FRAMEWORK_SEARCH_PATHS = (
					"$(SDKROOT)/Developer/Library/Frameworks",
					"$(inherited)",
				);
				INFOPLIST_FILE = fishackathonTests/Info.plist;
				LD_RUNPATH_SEARCH_PATHS = "$(inherited) @executable_path/Frameworks @loader_path/Frameworks";
				PRODUCT_NAME = "$(TARGET_NAME)";
				TEST_HOST = "$(BUILT_PRODUCTS_DIR)/fishackathon.app/fishackathon";
			};
			name = Release;
		};
/* End XCBuildConfiguration section */

/* Begin XCConfigurationList section */
		4991F1291B2349A500F2F3EB /* Build configuration list for PBXProject "fishackathon" */ = {
			isa = XCConfigurationList;
			buildConfigurations = (
				4991F14F1B2349A500F2F3EB /* Debug */,
				4991F1501B2349A500F2F3EB /* Release */,
			);
			defaultConfigurationIsVisible = 0;
			defaultConfigurationName = Release;
		};
		4991F1511B2349A500F2F3EB /* Build configuration list for PBXNativeTarget "fishackathon" */ = {
			isa = XCConfigurationList;
			buildConfigurations = (
				4991F1521B2349A500F2F3EB /* Debug */,
				4991F1531B2349A500F2F3EB /* Release */,
			);
			defaultConfigurationIsVisible = 0;
		};
		4991F1541B2349A500F2F3EB /* Build configuration list for PBXNativeTarget "fishackathonTests" */ = {
			isa = XCConfigurationList;
			buildConfigurations = (
				4991F1551B2349A500F2F3EB /* Debug */,
				4991F1561B2349A500F2F3EB /* Release */,
			);
			defaultConfigurationIsVisible = 0;
		};
/* End XCConfigurationList section */
	};
	rootObject = 4991F1261B2349A500F2F3EB /* Project object */;
}
